// !$*UTF8*$!
{
	archiveVersion = 1;
	classes = {
	};
	objectVersion = 56;
	objects = {

/* Begin PBXBuildFile section */
		1D860E7C2A88F9F0007ED619 /* M4L15_Challenge_swipe_imageApp.swift in Sources */ = {isa = PBXBuildFile; fileRef = 1D860E7B2A88F9F0007ED619 /* M4L15_Challenge_swipe_imageApp.swift */; };
		1D860E7E2A88F9F0007ED619 /* ContentView.swift in Sources */ = {isa = PBXBuildFile; fileRef = 1D860E7D2A88F9F0007ED619 /* ContentView.swift */; };
		1D860E802A88F9F1007ED619 /* Assets.xcassets in Resources */ = {isa = PBXBuildFile; fileRef = 1D860E7F2A88F9F1007ED619 /* Assets.xcassets */; };
		1D860E832A88F9F1007ED619 /* Preview Assets.xcassets in Resources */ = {isa = PBXBuildFile; fileRef = 1D860E822A88F9F1007ED619 /* Preview Assets.xcassets */; };
		1D860E8B2A88FA66007ED619 /* Data.json in Resources */ = {isa = PBXBuildFile; fileRef = 1D860E8A2A88FA66007ED619 /* Data.json */; };
		1D860E8D2A88FB13007ED619 /* CardView.swift in Sources */ = {isa = PBXBuildFile; fileRef = 1D860E8C2A88FB13007ED619 /* CardView.swift */; };
		1D860E922A89697F007ED619 /* DataService.swift in Sources */ = {isa = PBXBuildFile; fileRef = 1D860E912A89697F007ED619 /* DataService.swift */; };
		1D860E942A8969BF007ED619 /* Book.swift in Sources */ = {isa = PBXBuildFile; fileRef = 1D860E932A8969BF007ED619 /* Book.swift */; };
		1D860E992A897072007ED619 /* BookModel.swift in Sources */ = {isa = PBXBuildFile; fileRef = 1D860E982A897072007ED619 /* BookModel.swift */; };
		1DE149B12A8A8C5D00CAAD58 /* Staging.swift in Sources */ = {isa = PBXBuildFile; fileRef = 1DE149B02A8A8C5D00CAAD58 /* Staging.swift */; };
		1DE149B32A8A955C00CAAD58 /* PagesBookView.swift in Sources */ = {isa = PBXBuildFile; fileRef = 1DE149B22A8A955C00CAAD58 /* PagesBookView.swift */; };
/* End PBXBuildFile section */

/* Begin PBXFileReference section */
		1D860E782A88F9F0007ED619 /* M4L15 Challenge swipe image.app */ = {isa = PBXFileReference; explicitFileType = wrapper.application; includeInIndex = 0; path = "M4L15 Challenge swipe image.app"; sourceTree = BUILT_PRODUCTS_DIR; };
		1D860E7B2A88F9F0007ED619 /* M4L15_Challenge_swipe_imageApp.swift */ = {isa = PBXFileReference; lastKnownFileType = sourcecode.swift; path = M4L15_Challenge_swipe_imageApp.swift; sourceTree = "<group>"; };
		1D860E7D2A88F9F0007ED619 /* ContentView.swift */ = {isa = PBXFileReference; lastKnownFileType = sourcecode.swift; path = ContentView.swift; sourceTree = "<group>"; };
		1D860E7F2A88F9F1007ED619 /* Assets.xcassets */ = {isa = PBXFileReference; lastKnownFileType = folder.assetcatalog; path = Assets.xcassets; sourceTree = "<group>"; };
		1D860E822A88F9F1007ED619 /* Preview Assets.xcassets */ = {isa = PBXFileReference; lastKnownFileType = folder.assetcatalog; path = "Preview Assets.xcassets"; sourceTree = "<group>"; };
		1D860E8A2A88FA66007ED619 /* Data.json */ = {isa = PBXFileReference; fileEncoding = 4; lastKnownFileType = text.json; path = Data.json; sourceTree = "<group>"; };
		1D860E8C2A88FB13007ED619 /* CardView.swift */ = {isa = PBXFileReference; lastKnownFileType = sourcecode.swift; path = CardView.swift; sourceTree = "<group>"; };
		1D860E912A89697F007ED619 /* DataService.swift */ = {isa = PBXFileReference; lastKnownFileType = sourcecode.swift; path = DataService.swift; sourceTree = "<group>"; };
		1D860E932A8969BF007ED619 /* Book.swift */ = {isa = PBXFileReference; lastKnownFileType = sourcecode.swift; path = Book.swift; sourceTree = "<group>"; };
		1D860E982A897072007ED619 /* BookModel.swift */ = {isa = PBXFileReference; lastKnownFileType = sourcecode.swift; path = BookModel.swift; sourceTree = "<group>"; };
		1DE149B02A8A8C5D00CAAD58 /* Staging.swift */ = {isa = PBXFileReference; lastKnownFileType = sourcecode.swift; path = Staging.swift; sourceTree = "<group>"; };
		1DE149B22A8A955C00CAAD58 /* PagesBookView.swift */ = {isa = PBXFileReference; lastKnownFileType = sourcecode.swift; path = PagesBookView.swift; sourceTree = "<group>"; };
/* End PBXFileReference section */

/* Begin PBXFrameworksBuildPhase section */
		1D860E752A88F9F0007ED619 /* Frameworks */ = {
			isa = PBXFrameworksBuildPhase;
			buildActionMask = 2147483647;
			files = (
			);
			runOnlyForDeploymentPostprocessing = 0;
		};
/* End PBXFrameworksBuildPhase section */

/* Begin PBXGroup section */
		1D860E6F2A88F9F0007ED619 = {
			isa = PBXGroup;
			children = (
				1D860E7A2A88F9F0007ED619 /* M4L15 Challenge swipe image */,
				1D860E792A88F9F0007ED619 /* Products */,
			);
			sourceTree = "<group>";
		};
		1D860E792A88F9F0007ED619 /* Products */ = {
			isa = PBXGroup;
			children = (
				1D860E782A88F9F0007ED619 /* M4L15 Challenge swipe image.app */,
			);
			name = Products;
			sourceTree = "<group>";
		};
		1D860E7A2A88F9F0007ED619 /* M4L15 Challenge swipe image */ = {
			isa = PBXGroup;
			children = (
				1D860E7B2A88F9F0007ED619 /* M4L15_Challenge_swipe_imageApp.swift */,
				1D860E8E2A89692F007ED619 /* Views */,
				1D860E972A897040007ED619 /* ViewModels */,
				1D860E902A896958007ED619 /* Models */,
				1D860E8F2A89694A007ED619 /* Services */,
				1D860E892A88FA43007ED619 /* Data */,
				1D860E7F2A88F9F1007ED619 /* Assets.xcassets */,
				1D860E812A88F9F1007ED619 /* Preview Content */,
			);
			path = "M4L15 Challenge swipe image";
			sourceTree = "<group>";
		};
		1D860E812A88F9F1007ED619 /* Preview Content */ = {
			isa = PBXGroup;
			children = (
				1D860E822A88F9F1007ED619 /* Preview Assets.xcassets */,
			);
			path = "Preview Content";
			sourceTree = "<group>";
		};
		1D860E892A88FA43007ED619 /* Data */ = {
			isa = PBXGroup;
			children = (
				1D860E8A2A88FA66007ED619 /* Data.json */,
			);
			path = Data;
			sourceTree = "<group>";
		};
		1D860E8E2A89692F007ED619 /* Views */ = {
			isa = PBXGroup;
			children = (
				1DE149B22A8A955C00CAAD58 /* PagesBookView.swift */,
				1DE149B02A8A8C5D00CAAD58 /* Staging.swift */,
				1D860E7D2A88F9F0007ED619 /* ContentView.swift */,
				1D860E8C2A88FB13007ED619 /* CardView.swift */,
			);
			path = Views;
			sourceTree = "<group>";
		};
		1D860E8F2A89694A007ED619 /* Services */ = {
			isa = PBXGroup;
			children = (
				1D860E912A89697F007ED619 /* DataService.swift */,
			);
			path = Services;
			sourceTree = "<group>";
		};
		1D860E902A896958007ED619 /* Models */ = {
			isa = PBXGroup;
			children = (
				1D860E932A8969BF007ED619 /* Book.swift */,
			);
			path = Models;
			sourceTree = "<group>";
		};
		1D860E972A897040007ED619 /* ViewModels */ = {
			isa = PBXGroup;
			children = (
				1D860E982A897072007ED619 /* BookModel.swift */,
			);
			path = ViewModels;
			sourceTree = "<group>";
		};
/* End PBXGroup section */

/* Begin PBXNativeTarget section */
		1D860E772A88F9F0007ED619 /* M4L15 Challenge swipe image */ = {
			isa = PBXNativeTarget;
			buildConfigurationList = 1D860E862A88F9F1007ED619 /* Build configuration list for PBXNativeTarget "M4L15 Challenge swipe image" */;
			buildPhases = (
				1D860E742A88F9F0007ED619 /* Sources */,
				1D860E752A88F9F0007ED619 /* Frameworks */,
				1D860E762A88F9F0007ED619 /* Resources */,
			);
			buildRules = (
			);
			dependencies = (
			);
			name = "M4L15 Challenge swipe image";
			productName = "M4L15 Challenge swipe image";
			productReference = 1D860E782A88F9F0007ED619 /* M4L15 Challenge swipe image.app */;
			productType = "com.apple.product-type.application";
		};
/* End PBXNativeTarget section */

/* Begin PBXProject section */
		1D860E702A88F9F0007ED619 /* Project object */ = {
			isa = PBXProject;
			attributes = {
				BuildIndependentTargetsInParallel = 1;
				LastSwiftUpdateCheck = 1430;
				LastUpgradeCheck = 1430;
				TargetAttributes = {
					1D860E772A88F9F0007ED619 = {
						CreatedOnToolsVersion = 14.3.1;
					};
				};
			};
			buildConfigurationList = 1D860E732A88F9F0007ED619 /* Build configuration list for PBXProject "M4L15 Challenge swipe image" */;
			compatibilityVersion = "Xcode 14.0";
			developmentRegion = en;
			hasScannedForEncodings = 0;
			knownRegions = (
				en,
				Base,
			);
			mainGroup = 1D860E6F2A88F9F0007ED619;
			productRefGroup = 1D860E792A88F9F0007ED619 /* Products */;
			projectDirPath = "";
			projectRoot = "";
			targets = (
				1D860E772A88F9F0007ED619 /* M4L15 Challenge swipe image */,
			);
		};
/* End PBXProject section */

/* Begin PBXResourcesBuildPhase section */
		1D860E762A88F9F0007ED619 /* Resources */ = {
			isa = PBXResourcesBuildPhase;
			buildActionMask = 2147483647;
			files = (
				1D860E832A88F9F1007ED619 /* Preview Assets.xcassets in Resources */,
				1D860E802A88F9F1007ED619 /* Assets.xcassets in Resources */,
				1D860E8B2A88FA66007ED619 /* Data.json in Resources */,
			);
			runOnlyForDeploymentPostprocessing = 0;
		};
/* End PBXResourcesBuildPhase section */

/* Begin PBXSourcesBuildPhase section */
		1D860E742A88F9F0007ED619 /* Sources */ = {
			isa = PBXSourcesBuildPhase;
			buildActionMask = 2147483647;
			files = (
				1D860E992A897072007ED619 /* BookModel.swift in Sources */,
				1D860E7E2A88F9F0007ED619 /* ContentView.swift in Sources */,
				1D860E8D2A88FB13007ED619 /* CardView.swift in Sources */,
				1DE149B12A8A8C5D00CAAD58 /* Staging.swift in Sources */,
				1DE149B32A8A955C00CAAD58 /* PagesBookView.swift in Sources */,
				1D860E7C2A88F9F0007ED619 /* M4L15_Challenge_swipe_imageApp.swift in Sources */,
				1D860E942A8969BF007ED619 /* Book.swift in Sources */,
				1D860E922A89697F007ED619 /* DataService.swift in Sources */,
			);
			runOnlyForDeploymentPostprocessing = 0;
		};
/* End PBXSourcesBuildPhase section */

/* Begin XCBuildConfiguration section */
		1D860E842A88F9F1007ED619 /* Debug */ = {
			isa = XCBuildConfiguration;
			buildSettings = {
				ALWAYS_SEARCH_USER_PATHS = NO;
				CLANG_ANALYZER_NONNULL = YES;
				CLANG_ANALYZER_NUMBER_OBJECT_CONVERSION = YES_AGGRESSIVE;
				CLANG_CXX_LANGUAGE_STANDARD = "gnu++20";
				CLANG_ENABLE_MODULES = YES;
				CLANG_ENABLE_OBJC_ARC = YES;
				CLANG_ENABLE_OBJC_WEAK = YES;
				CLANG_WARN_BLOCK_CAPTURE_AUTORELEASING = YES;
				CLANG_WARN_BOOL_CONVERSION = YES;
				CLANG_WARN_COMMA = YES;
				CLANG_WARN_CONSTANT_CONVERSION = YES;
				CLANG_WARN_DEPRECATED_OBJC_IMPLEMENTATIONS = YES;
				CLANG_WARN_DIRECT_OBJC_ISA_USAGE = YES_ERROR;
				CLANG_WARN_DOCUMENTATION_COMMENTS = YES;
				CLANG_WARN_EMPTY_BODY = YES;
				CLANG_WARN_ENUM_CONVERSION = YES;
				CLANG_WARN_INFINITE_RECURSION = YES;
				CLANG_WARN_INT_CONVERSION = YES;
				CLANG_WARN_NON_LITERAL_NULL_CONVERSION = YES;
				CLANG_WARN_OBJC_IMPLICIT_RETAIN_SELF = YES;
				CLANG_WARN_OBJC_LITERAL_CONVERSION = YES;
				CLANG_WARN_OBJC_ROOT_CLASS = YES_ERROR;
				CLANG_WARN_QUOTED_INCLUDE_IN_FRAMEWORK_HEADER = YES;
				CLANG_WARN_RANGE_LOOP_ANALYSIS = YES;
				CLANG_WARN_STRICT_PROTOTYPES = YES;
				CLANG_WARN_SUSPICIOUS_MOVE = YES;
				CLANG_WARN_UNGUARDED_AVAILABILITY = YES_AGGRESSIVE;
				CLANG_WARN_UNREACHABLE_CODE = YES;
				CLANG_WARN__DUPLICATE_METHOD_MATCH = YES;
				COPY_PHASE_STRIP = NO;
				DEBUG_INFORMATION_FORMAT = dwarf;
				ENABLE_STRICT_OBJC_MSGSEND = YES;
				ENABLE_TESTABILITY = YES;
				GCC_C_LANGUAGE_STANDARD = gnu11;
				GCC_DYNAMIC_NO_PIC = NO;
				GCC_NO_COMMON_BLOCKS = YES;
				GCC_OPTIMIZATION_LEVEL = 0;
				GCC_PREPROCESSOR_DEFINITIONS = (
					"DEBUG=1",
					"$(inherited)",
				);
				GCC_WARN_64_TO_32_BIT_CONVERSION = YES;
				GCC_WARN_ABOUT_RETURN_TYPE = YES_ERROR;
				GCC_WARN_UNDECLARED_SELECTOR = YES;
				GCC_WARN_UNINITIALIZED_AUTOS = YES_AGGRESSIVE;
				GCC_WARN_UNUSED_FUNCTION = YES;
				GCC_WARN_UNUSED_VARIABLE = YES;
				IPHONEOS_DEPLOYMENT_TARGET = 16.4;
				MTL_ENABLE_DEBUG_INFO = INCLUDE_SOURCE;
				MTL_FAST_MATH = YES;
				ONLY_ACTIVE_ARCH = YES;
				SDKROOT = iphoneos;
				SWIFT_ACTIVE_COMPILATION_CONDITIONS = DEBUG;
				SWIFT_OPTIMIZATION_LEVEL = "-Onone";
			};
			name = Debug;
		};
		1D860E852A88F9F1007ED619 /* Release */ = {
			isa = XCBuildConfiguration;
			buildSettings = {
				ALWAYS_SEARCH_USER_PATHS = NO;
				CLANG_ANALYZER_NONNULL = YES;
				CLANG_ANALYZER_NUMBER_OBJECT_CONVERSION = YES_AGGRESSIVE;
				CLANG_CXX_LANGUAGE_STANDARD = "gnu++20";
				CLANG_ENABLE_MODULES = YES;
				CLANG_ENABLE_OBJC_ARC = YES;
				CLANG_ENABLE_OBJC_WEAK = YES;
				CLANG_WARN_BLOCK_CAPTURE_AUTORELEASING = YES;
				CLANG_WARN_BOOL_CONVERSION = YES;
				CLANG_WARN_COMMA = YES;
				CLANG_WARN_CONSTANT_CONVERSION = YES;
				CLANG_WARN_DEPRECATED_OBJC_IMPLEMENTATIONS = YES;
				CLANG_WARN_DIRECT_OBJC_ISA_USAGE = YES_ERROR;
				CLANG_WARN_DOCUMENTATION_COMMENTS = YES;
				CLANG_WARN_EMPTY_BODY = YES;
				CLANG_WARN_ENUM_CONVERSION = YES;
				CLANG_WARN_INFINITE_RECURSION = YES;
				CLANG_WARN_INT_CONVERSION = YES;
				CLANG_WARN_NON_LITERAL_NULL_CONVERSION = YES;
				CLANG_WARN_OBJC_IMPLICIT_RETAIN_SELF = YES;
				CLANG_WARN_OBJC_LITERAL_CONVERSION = YES;
				CLANG_WARN_OBJC_ROOT_CLASS = YES_ERROR;
				CLANG_WARN_QUOTED_INCLUDE_IN_FRAMEWORK_HEADER = YES;
				CLANG_WARN_RANGE_LOOP_ANALYSIS = YES;
				CLANG_WARN_STRICT_PROTOTYPES = YES;
				CLANG_WARN_SUSPICIOUS_MOVE = YES;
				CLANG_WARN_UNGUARDED_AVAILABILITY = YES_AGGRESSIVE;
				CLANG_WARN_UNREACHABLE_CODE = YES;
				CLANG_WARN__DUPLICATE_METHOD_MATCH = YES;
				COPY_PHASE_STRIP = NO;
				DEBUG_INFORMATION_FORMAT = "dwarf-with-dsym";
				ENABLE_NS_ASSERTIONS = NO;
				ENABLE_STRICT_OBJC_MSGSEND = YES;
				GCC_C_LANGUAGE_STANDARD = gnu11;
				GCC_NO_COMMON_BLOCKS = YES;
				GCC_WARN_64_TO_32_BIT_CONVERSION = YES;
				GCC_WARN_ABOUT_RETURN_TYPE = YES_ERROR;
				GCC_WARN_UNDECLARED_SELECTOR = YES;
				GCC_WARN_UNINITIALIZED_AUTOS = YES_AGGRESSIVE;
				GCC_WARN_UNUSED_FUNCTION = YES;
				GCC_WARN_UNUSED_VARIABLE = YES;
				IPHONEOS_DEPLOYMENT_TARGET = 16.4;
				MTL_ENABLE_DEBUG_INFO = NO;
				MTL_FAST_MATH = YES;
				SDKROOT = iphoneos;
				SWIFT_COMPILATION_MODE = wholemodule;
				SWIFT_OPTIMIZATION_LEVEL = "-O";
				VALIDATE_PRODUCT = YES;
			};
			name = Release;
		};
		1D860E872A88F9F1007ED619 /* Debug */ = {
			isa = XCBuildConfiguration;
			buildSettings = {
				ASSETCATALOG_COMPILER_APPICON_NAME = AppIcon;
				ASSETCATALOG_COMPILER_GLOBAL_ACCENT_COLOR_NAME = AccentColor;
				CODE_SIGN_STYLE = Automatic;
				CURRENT_PROJECT_VERSION = 1;
				DEVELOPMENT_ASSET_PATHS = "\"M4L15 Challenge swipe image/Preview Content\"";
				DEVELOPMENT_TEAM = D7W6TW3X2G;
				ENABLE_PREVIEWS = YES;
				GENERATE_INFOPLIST_FILE = YES;
				INFOPLIST_KEY_UIApplicationSceneManifest_Generation = YES;
				INFOPLIST_KEY_UIApplicationSupportsIndirectInputEvents = YES;
				INFOPLIST_KEY_UILaunchScreen_Generation = YES;
				INFOPLIST_KEY_UISupportedInterfaceOrientations_iPad = "UIInterfaceOrientationPortrait UIInterfaceOrientationPortraitUpsideDown UIInterfaceOrientationLandscapeLeft UIInterfaceOrientationLandscapeRight";
				INFOPLIST_KEY_UISupportedInterfaceOrientations_iPhone = "UIInterfaceOrientationPortrait UIInterfaceOrientationLandscapeLeft UIInterfaceOrientationLandscapeRight";
				LD_RUNPATH_SEARCH_PATHS = (
					"$(inherited)",
					"@executable_path/Frameworks",
				);
				MARKETING_VERSION = 1.0;
				PRODUCT_BUNDLE_IDENTIFIER = "com.orlyApps.M4L15-Challenge-swipe-image";
				PRODUCT_NAME = "$(TARGET_NAME)";
				SWIFT_EMIT_LOC_STRINGS = YES;
				SWIFT_VERSION = 5.0;
				TARGETED_DEVICE_FAMILY = "1,2";
			};
			name = Debug;
		};
		1D860E882A88F9F1007ED619 /* Release */ = {
			isa = XCBuildConfiguration;
			buildSettings = {
				ASSETCATALOG_COMPILER_APPICON_NAME = AppIcon;
				ASSETCATALOG_COMPILER_GLOBAL_ACCENT_COLOR_NAME = AccentColor;
				CODE_SIGN_STYLE = Automatic;
				CURRENT_PROJECT_VERSION = 1;
				DEVELOPMENT_ASSET_PATHS = "\"M4L15 Challenge swipe image/Preview Content\"";
				DEVELOPMENT_TEAM = D7W6TW3X2G;
				ENABLE_PREVIEWS = YES;
				GENERATE_INFOPLIST_FILE = YES;
				INFOPLIST_KEY_UIApplicationSceneManifest_Generation = YES;
				INFOPLIST_KEY_UIApplicationSupportsIndirectInputEvents = YES;
				INFOPLIST_KEY_UILaunchScreen_Generation = YES;
				INFOPLIST_KEY_UISupportedInterfaceOrientations_iPad = "UIInterfaceOrientationPortrait UIInterfaceOrientationPortraitUpsideDown UIInterfaceOrientationLandscapeLeft UIInterfaceOrientationLandscapeRight";
				INFOPLIST_KEY_UISupportedInterfaceOrientations_iPhone = "UIInterfaceOrientationPortrait UIInterfaceOrientationLandscapeLeft UIInterfaceOrientationLandscapeRight";
				LD_RUNPATH_SEARCH_PATHS = (
					"$(inherited)",
					"@executable_path/Frameworks",
				);
				MARKETING_VERSION = 1.0;
				PRODUCT_BUNDLE_IDENTIFIER = "com.orlyApps.M4L15-Challenge-swipe-image";
				PRODUCT_NAME = "$(TARGET_NAME)";
				SWIFT_EMIT_LOC_STRINGS = YES;
				SWIFT_VERSION = 5.0;
				TARGETED_DEVICE_FAMILY = "1,2";
			};
			name = Release;
		};
/* End XCBuildConfiguration section */

/* Begin XCConfigurationList section */
		1D860E732A88F9F0007ED619 /* Build configuration list for PBXProject "M4L15 Challenge swipe image" */ = {
			isa = XCConfigurationList;
			buildConfigurations = (
				1D860E842A88F9F1007ED619 /* Debug */,
				1D860E852A88F9F1007ED619 /* Release */,
			);
			defaultConfigurationIsVisible = 0;
			defaultConfigurationName = Release;
		};
		1D860E862A88F9F1007ED619 /* Build configuration list for PBXNativeTarget "M4L15 Challenge swipe image" */ = {
			isa = XCConfigurationList;
			buildConfigurations = (
				1D860E872A88F9F1007ED619 /* Debug */,
				1D860E882A88F9F1007ED619 /* Release */,
			);
			defaultConfigurationIsVisible = 0;
			defaultConfigurationName = Release;
		};
/* End XCConfigurationList section */
	};
	rootObject = 1D860E702A88F9F0007ED619 /* Project object */;
}
